
Microsoft Visual Studio Solution File, Format Version 12.00
# Visual Studio Version 17
VisualStudioVersion = 17.2.32630.192
MinimumVisualStudioVersion = 10.0.40219.1
Project("{9A19103F-16F7-4668-BE54-9A1E7A4F7556}") = "MyTodoApp", "MyTodoApp.csproj", "{5FE50465-FC5F-4BE3-AD6D-7127A70F549F}"
EndProject
Global
	GlobalSection(SolutionConfigurationPlatforms) = preSolution
		Debug|Any CPU = Debug|Any CPU
		Release|Any CPU = Release|Any CPU
	EndGlobalSection
	GlobalSection(ProjectConfigurationPlatforms) = postSolution
		{5FE50465-FC5F-4BE3-AD6D-7127A70F549F}.Debug|Any CPU.ActiveCfg = Debug|Any CPU
		{5FE50465-FC5F-4BE3-AD6D-7127A70F549F}.Debug|Any CPU.Build.0 = Debug|Any CPU
		{5FE50465-FC5F-4BE3-AD6D-7127A70F549F}.Release|Any CPU.ActiveCfg = Release|Any CPU
		{5FE50465-FC5F-4BE3-AD6D-7127A70F549F}.Release|Any CPU.Build.0 = Release|Any CPU
	EndGlobalSection
	GlobalSection(SolutionProperties) = preSolution
		HideSolutionNode = FALSE
	EndGlobalSection
	GlobalSection(ExtensibilityGlobals) = postSolution
		SolutionGuid = {8CD07F02-FD54-4BA3-BC9D-0A72C32B5681}
	EndGlobalSection
EndGlobal
